
Microsoft Visual Studio Solution File, Format Version 12.00
# Visual Studio 15
VisualStudioVersion = 15.0.27428.2037
MinimumVisualStudioVersion = 10.0.40219.1
Project("{FAE04EC0-301F-11D3-BF4B-00C04F79EFBC}") = "DemoDbExistsMVC", "DemoDbExistsMVC\DemoDbExistsMVC.csproj", "{6742BD88-AB23-4D53-A8ED-D8E80F0A6A64}"
EndProject
Global
	GlobalSection(SolutionConfigurationPlatforms) = preSolution
		Debug|Any CPU = Debug|Any CPU
		Release|Any CPU = Release|Any CPU
	EndGlobalSection
	GlobalSection(ProjectConfigurationPlatforms) = postSolution
		{6742BD88-AB23-4D53-A8ED-D8E80F0A6A64}.Debug|Any CPU.ActiveCfg = Debug|Any CPU
		{6742BD88-AB23-4D53-A8ED-D8E80F0A6A64}.Debug|Any CPU.Build.0 = Debug|Any CPU
		{6742BD88-AB23-4D53-A8ED-D8E80F0A6A64}.Release|Any CPU.ActiveCfg = Release|Any CPU
		{6742BD88-AB23-4D53-A8ED-D8E80F0A6A64}.Release|Any CPU.Build.0 = Release|Any CPU
	EndGlobalSection
	GlobalSection(SolutionProperties) = preSolution
		HideSolutionNode = FALSE
	EndGlobalSection
	GlobalSection(ExtensibilityGlobals) = postSolution
		SolutionGuid = {032D3D08-4DB1-49AE-B511-BF774C7A7133}
	EndGlobalSection
EndGlobal
